// !$*UTF8*$!
{
	archiveVersion = 1;
	classes = {
	};
	objectVersion = 56;
	objects = {

/* Begin PBXBuildFile section */
		AFCDE01A2A5F5C4B009227F9 /* HourlyHourTrackerApp.swift in Sources */ = {isa = PBXBuildFile; fileRef = AFCDE0192A5F5C4B009227F9 /* HourlyHourTrackerApp.swift */; };
		AFCDE01C2A5F5C4B009227F9 /* ContentView.swift in Sources */ = {isa = PBXBuildFile; fileRef = AFCDE01B2A5F5C4B009227F9 /* ContentView.swift */; };
		AFCDE01E2A5F5C52009227F9 /* Assets.xcassets in Resources */ = {isa = PBXBuildFile; fileRef = AFCDE01D2A5F5C52009227F9 /* Assets.xcassets */; };
		AFCDE0212A5F5C52009227F9 /* Preview Assets.xcassets in Resources */ = {isa = PBXBuildFile; fileRef = AFCDE0202A5F5C52009227F9 /* Preview Assets.xcassets */; };
		AFCDE02B2A5F5C53009227F9 /* HourlyHourTrackerTests.swift in Sources */ = {isa = PBXBuildFile; fileRef = AFCDE02A2A5F5C53009227F9 /* HourlyHourTrackerTests.swift */; };
		AFCDE0352A5F5C53009227F9 /* HourlyHourTrackerUITests.swift in Sources */ = {isa = PBXBuildFile; fileRef = AFCDE0342A5F5C53009227F9 /* HourlyHourTrackerUITests.swift */; };
		AFCDE0372A5F5C53009227F9 /* HourlyHourTrackerUITestsLaunchTests.swift in Sources */ = {isa = PBXBuildFile; fileRef = AFCDE0362A5F5C53009227F9 /* HourlyHourTrackerUITestsLaunchTests.swift */; };
/* End PBXBuildFile section */

/* Begin PBXContainerItemProxy section */
		AFCDE0272A5F5C53009227F9 /* PBXContainerItemProxy */ = {
			isa = PBXContainerItemProxy;
			containerPortal = AFCDE00E2A5F5C4B009227F9 /* Project object */;
			proxyType = 1;
			remoteGlobalIDString = AFCDE0152A5F5C4B009227F9;
			remoteInfo = HourlyHourTracker;
		};
		AFCDE0312A5F5C53009227F9 /* PBXContainerItemProxy */ = {
			isa = PBXContainerItemProxy;
			containerPortal = AFCDE00E2A5F5C4B009227F9 /* Project object */;
			proxyType = 1;
			remoteGlobalIDString = AFCDE0152A5F5C4B009227F9;
			remoteInfo = HourlyHourTracker;
		};
/* End PBXContainerItemProxy section */

/* Begin PBXFileReference section */
		AFCDE0162A5F5C4B009227F9 /* HourlyHourTracker.app */ = {isa = PBXFileReference; explicitFileType = wrapper.application; includeInIndex = 0; path = HourlyHourTracker.app; sourceTree = BUILT_PRODUCTS_DIR; };
		AFCDE0192A5F5C4B009227F9 /* HourlyHourTrackerApp.swift */ = {isa = PBXFileReference; lastKnownFileType = sourcecode.swift; path = HourlyHourTrackerApp.swift; sourceTree = "<group>"; };
		AFCDE01B2A5F5C4B009227F9 /* ContentView.swift */ = {isa = PBXFileReference; lastKnownFileType = sourcecode.swift; path = ContentView.swift; sourceTree = "<group>"; };
		AFCDE01D2A5F5C52009227F9 /* Assets.xcassets */ = {isa = PBXFileReference; lastKnownFileType = folder.assetcatalog; path = Assets.xcassets; sourceTree = "<group>"; };
		AFCDE0202A5F5C52009227F9 /* Preview Assets.xcassets */ = {isa = PBXFileReference; lastKnownFileType = folder.assetcatalog; path = "Preview Assets.xcassets"; sourceTree = "<group>"; };
		AFCDE0262A5F5C53009227F9 /* HourlyHourTrackerTests.xctest */ = {isa = PBXFileReference; explicitFileType = wrapper.cfbundle; includeInIndex = 0; path = HourlyHourTrackerTests.xctest; sourceTree = BUILT_PRODUCTS_DIR; };
		AFCDE02A2A5F5C53009227F9 /* HourlyHourTrackerTests.swift */ = {isa = PBXFileReference; lastKnownFileType = sourcecode.swift; path = HourlyHourTrackerTests.swift; sourceTree = "<group>"; };
		AFCDE0302A5F5C53009227F9 /* HourlyHourTrackerUITests.xctest */ = {isa = PBXFileReference; explicitFileType = wrapper.cfbundle; includeInIndex = 0; path = HourlyHourTrackerUITests.xctest; sourceTree = BUILT_PRODUCTS_DIR; };
		AFCDE0342A5F5C53009227F9 /* HourlyHourTrackerUITests.swift */ = {isa = PBXFileReference; lastKnownFileType = sourcecode.swift; path = HourlyHourTrackerUITests.swift; sourceTree = "<group>"; };
		AFCDE0362A5F5C53009227F9 /* HourlyHourTrackerUITestsLaunchTests.swift */ = {isa = PBXFileReference; lastKnownFileType = sourcecode.swift; path = HourlyHourTrackerUITestsLaunchTests.swift; sourceTree = "<group>"; };
/* End PBXFileReference section */

/* Begin PBXFrameworksBuildPhase section */
		AFCDE0132A5F5C4B009227F9 /* Frameworks */ = {
			isa = PBXFrameworksBuildPhase;
			buildActionMask = 2147483647;
			files = (
			);
			runOnlyForDeploymentPostprocessing = 0;
		};
		AFCDE0232A5F5C53009227F9 /* Frameworks */ = {
			isa = PBXFrameworksBuildPhase;
			buildActionMask = 2147483647;
			files = (
			);
			runOnlyForDeploymentPostprocessing = 0;
		};
		AFCDE02D2A5F5C53009227F9 /* Frameworks */ = {
			isa = PBXFrameworksBuildPhase;
			buildActionMask = 2147483647;
			files = (
			);
			runOnlyForDeploymentPostprocessing = 0;
		};
/* End PBXFrameworksBuildPhase section */

/* Begin PBXGroup section */
		AFCDE00D2A5F5C4B009227F9 = {
			isa = PBXGroup;
			children = (
				AFCDE0182A5F5C4B009227F9 /* HourlyHourTracker */,
				AFCDE0292A5F5C53009227F9 /* HourlyHourTrackerTests */,
				AFCDE0332A5F5C53009227F9 /* HourlyHourTrackerUITests */,
				AFCDE0172A5F5C4B009227F9 /* Products */,
			);
			sourceTree = "<group>";
		};
		AFCDE0172A5F5C4B009227F9 /* Products */ = {
			isa = PBXGroup;
			children = (
				AFCDE0162A5F5C4B009227F9 /* HourlyHourTracker.app */,
				AFCDE0262A5F5C53009227F9 /* HourlyHourTrackerTests.xctest */,
				AFCDE0302A5F5C53009227F9 /* HourlyHourTrackerUITests.xctest */,
			);
			name = Products;
			sourceTree = "<group>";
		};
		AFCDE0182A5F5C4B009227F9 /* HourlyHourTracker */ = {
			isa = PBXGroup;
			children = (
				AFCDE0192A5F5C4B009227F9 /* HourlyHourTrackerApp.swift */,
				AFCDE01B2A5F5C4B009227F9 /* ContentView.swift */,
				AFCDE01D2A5F5C52009227F9 /* Assets.xcassets */,
				AFCDE01F2A5F5C52009227F9 /* Preview Content */,
			);
			path = HourlyHourTracker;
			sourceTree = "<group>";
		};
		AFCDE01F2A5F5C52009227F9 /* Preview Content */ = {
			isa = PBXGroup;
			children = (
				AFCDE0202A5F5C52009227F9 /* Preview Assets.xcassets */,
			);
			path = "Preview Content";
			sourceTree = "<group>";
		};
		AFCDE0292A5F5C53009227F9 /* HourlyHourTrackerTests */ = {
			isa = PBXGroup;
			children = (
				AFCDE02A2A5F5C53009227F9 /* HourlyHourTrackerTests.swift */,
			);
			path = HourlyHourTrackerTests;
			sourceTree = "<group>";
		};
		AFCDE0332A5F5C53009227F9 /* HourlyHourTrackerUITests */ = {
			isa = PBXGroup;
			children = (
				AFCDE0342A5F5C53009227F9 /* HourlyHourTrackerUITests.swift */,
				AFCDE0362A5F5C53009227F9 /* HourlyHourTrackerUITestsLaunchTests.swift */,
			);
			path = HourlyHourTrackerUITests;
			sourceTree = "<group>";
		};
/* End PBXGroup section */

/* Begin PBXNativeTarget section */
		AFCDE0152A5F5C4B009227F9 /* HourlyHourTracker */ = {
			isa = PBXNativeTarget;
			buildConfigurationList = AFCDE03A2A5F5C53009227F9 /* Build configuration list for PBXNativeTarget "HourlyHourTracker" */;
			buildPhases = (
				AFCDE0122A5F5C4B009227F9 /* Sources */,
				AFCDE0132A5F5C4B009227F9 /* Frameworks */,
				AFCDE0142A5F5C4B009227F9 /* Resources */,
			);
			buildRules = (
			);
			dependencies = (
			);
			name = HourlyHourTracker;
			productName = HourlyHourTracker;
			productReference = AFCDE0162A5F5C4B009227F9 /* HourlyHourTracker.app */;
			productType = "com.apple.product-type.application";
		};
		AFCDE0252A5F5C53009227F9 /* HourlyHourTrackerTests */ = {
			isa = PBXNativeTarget;
			buildConfigurationList = AFCDE03D2A5F5C53009227F9 /* Build configuration list for PBXNativeTarget "HourlyHourTrackerTests" */;
			buildPhases = (
				AFCDE0222A5F5C53009227F9 /* Sources */,
				AFCDE0232A5F5C53009227F9 /* Frameworks */,
				AFCDE0242A5F5C53009227F9 /* Resources */,
			);
			buildRules = (
			);
			dependencies = (
				AFCDE0282A5F5C53009227F9 /* PBXTargetDependency */,
			);
			name = HourlyHourTrackerTests;
			productName = HourlyHourTrackerTests;
			productReference = AFCDE0262A5F5C53009227F9 /* HourlyHourTrackerTests.xctest */;
			productType = "com.apple.product-type.bundle.unit-test";
		};
		AFCDE02F2A5F5C53009227F9 /* HourlyHourTrackerUITests */ = {
			isa = PBXNativeTarget;
			buildConfigurationList = AFCDE0402A5F5C53009227F9 /* Build configuration list for PBXNativeTarget "HourlyHourTrackerUITests" */;
			buildPhases = (
				AFCDE02C2A5F5C53009227F9 /* Sources */,
				AFCDE02D2A5F5C53009227F9 /* Frameworks */,
				AFCDE02E2A5F5C53009227F9 /* Resources */,
			);
			buildRules = (
			);
			dependencies = (
				AFCDE0322A5F5C53009227F9 /* PBXTargetDependency */,
			);
			name = HourlyHourTrackerUITests;
			productName = HourlyHourTrackerUITests;
			productReference = AFCDE0302A5F5C53009227F9 /* HourlyHourTrackerUITests.xctest */;
			productType = "com.apple.product-type.bundle.ui-testing";
		};
/* End PBXNativeTarget section */

/* Begin PBXProject section */
		AFCDE00E2A5F5C4B009227F9 /* Project object */ = {
			isa = PBXProject;
			attributes = {
				BuildIndependentTargetsInParallel = 1;
				LastSwiftUpdateCheck = 1430;
				LastUpgradeCheck = 1430;
				TargetAttributes = {
					AFCDE0152A5F5C4B009227F9 = {
						CreatedOnToolsVersion = 14.3.1;
					};
					AFCDE0252A5F5C53009227F9 = {
						CreatedOnToolsVersion = 14.3.1;
						TestTargetID = AFCDE0152A5F5C4B009227F9;
					};
					AFCDE02F2A5F5C53009227F9 = {
						CreatedOnToolsVersion = 14.3.1;
						TestTargetID = AFCDE0152A5F5C4B009227F9;
					};
				};
			};
			buildConfigurationList = AFCDE0112A5F5C4B009227F9 /* Build configuration list for PBXProject "HourlyHourTracker" */;
			compatibilityVersion = "Xcode 14.0";
			developmentRegion = en;
			hasScannedForEncodings = 0;
			knownRegions = (
				en,
				Base,
			);
			mainGroup = AFCDE00D2A5F5C4B009227F9;
			productRefGroup = AFCDE0172A5F5C4B009227F9 /* Products */;
			projectDirPath = "";
			projectRoot = "";
			targets = (
				AFCDE0152A5F5C4B009227F9 /* HourlyHourTracker */,
				AFCDE0252A5F5C53009227F9 /* HourlyHourTrackerTests */,
				AFCDE02F2A5F5C53009227F9 /* HourlyHourTrackerUITests */,
			);
		};
/* End PBXProject section */

/* Begin PBXResourcesBuildPhase section */
		AFCDE0142A5F5C4B009227F9 /* Resources */ = {
			isa = PBXResourcesBuildPhase;
			buildActionMask = 2147483647;
			files = (
				AFCDE0212A5F5C52009227F9 /* Preview Assets.xcassets in Resources */,
				AFCDE01E2A5F5C52009227F9 /* Assets.xcassets in Resources */,
			);
			runOnlyForDeploymentPostprocessing = 0;
		};
		AFCDE0242A5F5C53009227F9 /* Resources */ = {
			isa = PBXResourcesBuildPhase;
			buildActionMask = 2147483647;
			files = (
			);
			runOnlyForDeploymentPostprocessing = 0;
		};
		AFCDE02E2A5F5C53009227F9 /* Resources */ = {
			isa = PBXResourcesBuildPhase;
			buildActionMask = 2147483647;
			files = (
			);
			runOnlyForDeploymentPostprocessing = 0;
		};
/* End PBXResourcesBuildPhase section */

/* Begin PBXSourcesBuildPhase section */
		AFCDE0122A5F5C4B009227F9 /* Sources */ = {
			isa = PBXSourcesBuildPhase;
			buildActionMask = 2147483647;
			files = (
				AFCDE01C2A5F5C4B009227F9 /* ContentView.swift in Sources */,
				AFCDE01A2A5F5C4B009227F9 /* HourlyHourTrackerApp.swift in Sources */,
			);
			runOnlyForDeploymentPostprocessing = 0;
		};
		AFCDE0222A5F5C53009227F9 /* Sources */ = {
			isa = PBXSourcesBuildPhase;
			buildActionMask = 2147483647;
			files = (
				AFCDE02B2A5F5C53009227F9 /* HourlyHourTrackerTests.swift in Sources */,
			);
			runOnlyForDeploymentPostprocessing = 0;
		};
		AFCDE02C2A5F5C53009227F9 /* Sources */ = {
			isa = PBXSourcesBuildPhase;
			buildActionMask = 2147483647;
			files = (
				AFCDE0372A5F5C53009227F9 /* HourlyHourTrackerUITestsLaunchTests.swift in Sources */,
				AFCDE0352A5F5C53009227F9 /* HourlyHourTrackerUITests.swift in Sources */,
			);
			runOnlyForDeploymentPostprocessing = 0;
		};
/* End PBXSourcesBuildPhase section */

/* Begin PBXTargetDependency section */
		AFCDE0282A5F5C53009227F9 /* PBXTargetDependency */ = {
			isa = PBXTargetDependency;
			target = AFCDE0152A5F5C4B009227F9 /* HourlyHourTracker */;
			targetProxy = AFCDE0272A5F5C53009227F9 /* PBXContainerItemProxy */;
		};
		AFCDE0322A5F5C53009227F9 /* PBXTargetDependency */ = {
			isa = PBXTargetDependency;
			target = AFCDE0152A5F5C4B009227F9 /* HourlyHourTracker */;
			targetProxy = AFCDE0312A5F5C53009227F9 /* PBXContainerItemProxy */;
		};
/* End PBXTargetDependency section */

/* Begin XCBuildConfiguration section */
		AFCDE0382A5F5C53009227F9 /* Debug */ = {
			isa = XCBuildConfiguration;
			buildSettings = {
				ALWAYS_SEARCH_USER_PATHS = NO;
				CLANG_ANALYZER_NONNULL = YES;
				CLANG_ANALYZER_NUMBER_OBJECT_CONVERSION = YES_AGGRESSIVE;
				CLANG_CXX_LANGUAGE_STANDARD = "gnu++20";
				CLANG_ENABLE_MODULES = YES;
				CLANG_ENABLE_OBJC_ARC = YES;
				CLANG_ENABLE_OBJC_WEAK = YES;
				CLANG_WARN_BLOCK_CAPTURE_AUTORELEASING = YES;
				CLANG_WARN_BOOL_CONVERSION = YES;
				CLANG_WARN_COMMA = YES;
				CLANG_WARN_CONSTANT_CONVERSION = YES;
				CLANG_WARN_DEPRECATED_OBJC_IMPLEMENTATIONS = YES;
				CLANG_WARN_DIRECT_OBJC_ISA_USAGE = YES_ERROR;
				CLANG_WARN_DOCUMENTATION_COMMENTS = YES;
				CLANG_WARN_EMPTY_BODY = YES;
				CLANG_WARN_ENUM_CONVERSION = YES;
				CLANG_WARN_INFINITE_RECURSION = YES;
				CLANG_WARN_INT_CONVERSION = YES;
				CLANG_WARN_NON_LITERAL_NULL_CONVERSION = YES;
				CLANG_WARN_OBJC_IMPLICIT_RETAIN_SELF = YES;
				CLANG_WARN_OBJC_LITERAL_CONVERSION = YES;
				CLANG_WARN_OBJC_ROOT_CLASS = YES_ERROR;
				CLANG_WARN_QUOTED_INCLUDE_IN_FRAMEWORK_HEADER = YES;
				CLANG_WARN_RANGE_LOOP_ANALYSIS = YES;
				CLANG_WARN_STRICT_PROTOTYPES = YES;
				CLANG_WARN_SUSPICIOUS_MOVE = YES;
				CLANG_WARN_UNGUARDED_AVAILABILITY = YES_AGGRESSIVE;
				CLANG_WARN_UNREACHABLE_CODE = YES;
				CLANG_WARN__DUPLICATE_METHOD_MATCH = YES;
				COPY_PHASE_STRIP = NO;
				DEBUG_INFORMATION_FORMAT = dwarf;
				ENABLE_STRICT_OBJC_MSGSEND = YES;
				ENABLE_TESTABILITY = YES;
				GCC_C_LANGUAGE_STANDARD = gnu11;
				GCC_DYNAMIC_NO_PIC = NO;
				GCC_NO_COMMON_BLOCKS = YES;
				GCC_OPTIMIZATION_LEVEL = 0;
				GCC_PREPROCESSOR_DEFINITIONS = (
					"DEBUG=1",
					"$(inherited)",
				);
				GCC_WARN_64_TO_32_BIT_CONVERSION = YES;
				GCC_WARN_ABOUT_RETURN_TYPE = YES_ERROR;
				GCC_WARN_UNDECLARED_SELECTOR = YES;
				GCC_WARN_UNINITIALIZED_AUTOS = YES_AGGRESSIVE;
				GCC_WARN_UNUSED_FUNCTION = YES;
				GCC_WARN_UNUSED_VARIABLE = YES;
				IPHONEOS_DEPLOYMENT_TARGET = 16.4;
				MTL_ENABLE_DEBUG_INFO = INCLUDE_SOURCE;
				MTL_FAST_MATH = YES;
				ONLY_ACTIVE_ARCH = YES;
				SDKROOT = iphoneos;
				SWIFT_ACTIVE_COMPILATION_CONDITIONS = DEBUG;
				SWIFT_OPTIMIZATION_LEVEL = "-Onone";
			};
			name = Debug;
		};
		AFCDE0392A5F5C53009227F9 /* Release */ = {
			isa = XCBuildConfiguration;
			buildSettings = {
				ALWAYS_SEARCH_USER_PATHS = NO;
				CLANG_ANALYZER_NONNULL = YES;
				CLANG_ANALYZER_NUMBER_OBJECT_CONVERSION = YES_AGGRESSIVE;
				CLANG_CXX_LANGUAGE_STANDARD = "gnu++20";
				CLANG_ENABLE_MODULES = YES;
				CLANG_ENABLE_OBJC_ARC = YES;
				CLANG_ENABLE_OBJC_WEAK = YES;
				CLANG_WARN_BLOCK_CAPTURE_AUTORELEASING = YES;
				CLANG_WARN_BOOL_CONVERSION = YES;
				CLANG_WARN_COMMA = YES;
				CLANG_WARN_CONSTANT_CONVERSION = YES;
				CLANG_WARN_DEPRECATED_OBJC_IMPLEMENTATIONS = YES;
				CLANG_WARN_DIRECT_OBJC_ISA_USAGE = YES_ERROR;
				CLANG_WARN_DOCUMENTATION_COMMENTS = YES;
				CLANG_WARN_EMPTY_BODY = YES;
				CLANG_WARN_ENUM_CONVERSION = YES;
				CLANG_WARN_INFINITE_RECURSION = YES;
				CLANG_WARN_INT_CONVERSION = YES;
				CLANG_WARN_NON_LITERAL_NULL_CONVERSION = YES;
				CLANG_WARN_OBJC_IMPLICIT_RETAIN_SELF = YES;
				CLANG_WARN_OBJC_LITERAL_CONVERSION = YES;
				CLANG_WARN_OBJC_ROOT_CLASS = YES_ERROR;
				CLANG_WARN_QUOTED_INCLUDE_IN_FRAMEWORK_HEADER = YES;
				CLANG_WARN_RANGE_LOOP_ANALYSIS = YES;
				CLANG_WARN_STRICT_PROTOTYPES = YES;
				CLANG_WARN_SUSPICIOUS_MOVE = YES;
				CLANG_WARN_UNGUARDED_AVAILABILITY = YES_AGGRESSIVE;
				CLANG_WARN_UNREACHABLE_CODE = YES;
				CLANG_WARN__DUPLICATE_METHOD_MATCH = YES;
				COPY_PHASE_STRIP = NO;
				DEBUG_INFORMATION_FORMAT = "dwarf-with-dsym";
				ENABLE_NS_ASSERTIONS = NO;
				ENABLE_STRICT_OBJC_MSGSEND = YES;
				GCC_C_LANGUAGE_STANDARD = gnu11;
				GCC_NO_COMMON_BLOCKS = YES;
				GCC_WARN_64_TO_32_BIT_CONVERSION = YES;
				GCC_WARN_ABOUT_RETURN_TYPE = YES_ERROR;
				GCC_WARN_UNDECLARED_SELECTOR = YES;
				GCC_WARN_UNINITIALIZED_AUTOS = YES_AGGRESSIVE;
				GCC_WARN_UNUSED_FUNCTION = YES;
				GCC_WARN_UNUSED_VARIABLE = YES;
				IPHONEOS_DEPLOYMENT_TARGET = 16.4;
				MTL_ENABLE_DEBUG_INFO = NO;
				MTL_FAST_MATH = YES;
				SDKROOT = iphoneos;
				SWIFT_COMPILATION_MODE = wholemodule;
				SWIFT_OPTIMIZATION_LEVEL = "-O";
				VALIDATE_PRODUCT = YES;
			};
			name = Release;
		};
		AFCDE03B2A5F5C53009227F9 /* Debug */ = {
			isa = XCBuildConfiguration;
			buildSettings = {
				ASSETCATALOG_COMPILER_APPICON_NAME = AppIcon;
				ASSETCATALOG_COMPILER_GLOBAL_ACCENT_COLOR_NAME = AccentColor;
				CODE_SIGN_STYLE = Automatic;
				CURRENT_PROJECT_VERSION = 1;
				DEVELOPMENT_ASSET_PATHS = "\"HourlyHourTracker/Preview Content\"";
				DEVELOPMENT_TEAM = 3TWD3N634U;
				ENABLE_PREVIEWS = YES;
				GENERATE_INFOPLIST_FILE = YES;
				INFOPLIST_KEY_UIApplicationSceneManifest_Generation = YES;
				INFOPLIST_KEY_UIApplicationSupportsIndirectInputEvents = YES;
				INFOPLIST_KEY_UILaunchScreen_Generation = YES;
				INFOPLIST_KEY_UISupportedInterfaceOrientations_iPad = "UIInterfaceOrientationPortrait UIInterfaceOrientationPortraitUpsideDown UIInterfaceOrientationLandscapeLeft UIInterfaceOrientationLandscapeRight";
				INFOPLIST_KEY_UISupportedInterfaceOrientations_iPhone = "UIInterfaceOrientationPortrait UIInterfaceOrientationLandscapeLeft UIInterfaceOrientationLandscapeRight";
				LD_RUNPATH_SEARCH_PATHS = (
					"$(inherited)",
					"@executable_path/Frameworks",
				);
				MARKETING_VERSION = 1.0;
				PRODUCT_BUNDLE_IDENTIFIER = REAL.HourlyHourTracker;
				PRODUCT_NAME = "$(TARGET_NAME)";
				SWIFT_EMIT_LOC_STRINGS = YES;
				SWIFT_VERSION = 5.0;
				TARGETED_DEVICE_FAMILY = "1,2";
			};
			name = Debug;
		};
		AFCDE03C2A5F5C53009227F9 /* Release */ = {
			isa = XCBuildConfiguration;
			buildSettings = {
				ASSETCATALOG_COMPILER_APPICON_NAME = AppIcon;
				ASSETCATALOG_COMPILER_GLOBAL_ACCENT_COLOR_NAME = AccentColor;
				CODE_SIGN_STYLE = Automatic;
				CURRENT_PROJECT_VERSION = 1;
				DEVELOPMENT_ASSET_PATHS = "\"HourlyHourTracker/Preview Content\"";
				DEVELOPMENT_TEAM = 3TWD3N634U;
				ENABLE_PREVIEWS = YES;
				GENERATE_INFOPLIST_FILE = YES;
				INFOPLIST_KEY_UIApplicationSceneManifest_Generation = YES;
				INFOPLIST_KEY_UIApplicationSupportsIndirectInputEvents = YES;
				INFOPLIST_KEY_UILaunchScreen_Generation = YES;
				INFOPLIST_KEY_UISupportedInterfaceOrientations_iPad = "UIInterfaceOrientationPortrait UIInterfaceOrientationPortraitUpsideDown UIInterfaceOrientationLandscapeLeft UIInterfaceOrientationLandscapeRight";
				INFOPLIST_KEY_UISupportedInterfaceOrientations_iPhone = "UIInterfaceOrientationPortrait UIInterfaceOrientationLandscapeLeft UIInterfaceOrientationLandscapeRight";
				LD_RUNPATH_SEARCH_PATHS = (
					"$(inherited)",
					"@executable_path/Frameworks",
				);
				MARKETING_VERSION = 1.0;
				PRODUCT_BUNDLE_IDENTIFIER = REAL.HourlyHourTracker;
				PRODUCT_NAME = "$(TARGET_NAME)";
				SWIFT_EMIT_LOC_STRINGS = YES;
				SWIFT_VERSION = 5.0;
				TARGETED_DEVICE_FAMILY = "1,2";
			};
			name = Release;
		};
		AFCDE03E2A5F5C53009227F9 /* Debug */ = {
			isa = XCBuildConfiguration;
			buildSettings = {
				ALWAYS_EMBED_SWIFT_STANDARD_LIBRARIES = YES;
				BUNDLE_LOADER = "$(TEST_HOST)";
				CODE_SIGN_STYLE = Automatic;
				CURRENT_PROJECT_VERSION = 1;
				DEVELOPMENT_TEAM = 3TWD3N634U;
				GENERATE_INFOPLIST_FILE = YES;
				IPHONEOS_DEPLOYMENT_TARGET = 16.4;
				MARKETING_VERSION = 1.0;
				PRODUCT_BUNDLE_IDENTIFIER = REAL.HourlyHourTrackerTests;
				PRODUCT_NAME = "$(TARGET_NAME)";
				SWIFT_EMIT_LOC_STRINGS = NO;
				SWIFT_VERSION = 5.0;
				TARGETED_DEVICE_FAMILY = "1,2";
				TEST_HOST = "$(BUILT_PRODUCTS_DIR)/HourlyHourTracker.app/$(BUNDLE_EXECUTABLE_FOLDER_PATH)/HourlyHourTracker";
			};
			name = Debug;
		};
		AFCDE03F2A5F5C53009227F9 /* Release */ = {
			isa = XCBuildConfiguration;
			buildSettings = {
				ALWAYS_EMBED_SWIFT_STANDARD_LIBRARIES = YES;
				BUNDLE_LOADER = "$(TEST_HOST)";
				CODE_SIGN_STYLE = Automatic;
				CURRENT_PROJECT_VERSION = 1;
				DEVELOPMENT_TEAM = 3TWD3N634U;
				GENERATE_INFOPLIST_FILE = YES;
				IPHONEOS_DEPLOYMENT_TARGET = 16.4;
				MARKETING_VERSION = 1.0;
				PRODUCT_BUNDLE_IDENTIFIER = REAL.HourlyHourTrackerTests;
				PRODUCT_NAME = "$(TARGET_NAME)";
				SWIFT_EMIT_LOC_STRINGS = NO;
				SWIFT_VERSION = 5.0;
				TARGETED_DEVICE_FAMILY = "1,2";
				TEST_HOST = "$(BUILT_PRODUCTS_DIR)/HourlyHourTracker.app/$(BUNDLE_EXECUTABLE_FOLDER_PATH)/HourlyHourTracker";
			};
			name = Release;
		};
		AFCDE0412A5F5C53009227F9 /* Debug */ = {
			isa = XCBuildConfiguration;
			buildSettings = {
				ALWAYS_EMBED_SWIFT_STANDARD_LIBRARIES = YES;
				CODE_SIGN_STYLE = Automatic;
				CURRENT_PROJECT_VERSION = 1;
				DEVELOPMENT_TEAM = 3TWD3N634U;
				GENERATE_INFOPLIST_FILE = YES;
				MARKETING_VERSION = 1.0;
				PRODUCT_BUNDLE_IDENTIFIER = REAL.HourlyHourTrackerUITests;
				PRODUCT_NAME = "$(TARGET_NAME)";
				SWIFT_EMIT_LOC_STRINGS = NO;
				SWIFT_VERSION = 5.0;
				TARGETED_DEVICE_FAMILY = "1,2";
				TEST_TARGET_NAME = HourlyHourTracker;
			};
			name = Debug;
		};
		AFCDE0422A5F5C53009227F9 /* Release */ = {
			isa = XCBuildConfiguration;
			buildSettings = {
				ALWAYS_EMBED_SWIFT_STANDARD_LIBRARIES = YES;
				CODE_SIGN_STYLE = Automatic;
				CURRENT_PROJECT_VERSION = 1;
				DEVELOPMENT_TEAM = 3TWD3N634U;
				GENERATE_INFOPLIST_FILE = YES;
				MARKETING_VERSION = 1.0;
				PRODUCT_BUNDLE_IDENTIFIER = REAL.HourlyHourTrackerUITests;
				PRODUCT_NAME = "$(TARGET_NAME)";
				SWIFT_EMIT_LOC_STRINGS = NO;
				SWIFT_VERSION = 5.0;
				TARGETED_DEVICE_FAMILY = "1,2";
				TEST_TARGET_NAME = HourlyHourTracker;
			};
			name = Release;
		};
/* End XCBuildConfiguration section */

/* Begin XCConfigurationList section */
		AFCDE0112A5F5C4B009227F9 /* Build configuration list for PBXProject "HourlyHourTracker" */ = {
			isa = XCConfigurationList;
			buildConfigurations = (
				AFCDE0382A5F5C53009227F9 /* Debug */,
				AFCDE0392A5F5C53009227F9 /* Release */,
			);
			defaultConfigurationIsVisible = 0;
			defaultConfigurationName = Release;
		};
		AFCDE03A2A5F5C53009227F9 /* Build configuration list for PBXNativeTarget "HourlyHourTracker" */ = {
			isa = XCConfigurationList;
			buildConfigurations = (
				AFCDE03B2A5F5C53009227F9 /* Debug */,
				AFCDE03C2A5F5C53009227F9 /* Release */,
			);
			defaultConfigurationIsVisible = 0;
			defaultConfigurationName = Release;
		};
		AFCDE03D2A5F5C53009227F9 /* Build configuration list for PBXNativeTarget "HourlyHourTrackerTests" */ = {
			isa = XCConfigurationList;
			buildConfigurations = (
				AFCDE03E2A5F5C53009227F9 /* Debug */,
				AFCDE03F2A5F5C53009227F9 /* Release */,
			);
			defaultConfigurationIsVisible = 0;
			defaultConfigurationName = Release;
		};
		AFCDE0402A5F5C53009227F9 /* Build configuration list for PBXNativeTarget "HourlyHourTrackerUITests" */ = {
			isa = XCConfigurationList;
			buildConfigurations = (
				AFCDE0412A5F5C53009227F9 /* Debug */,
				AFCDE0422A5F5C53009227F9 /* Release */,
			);
			defaultConfigurationIsVisible = 0;
			defaultConfigurationName = Release;
		};
/* End XCConfigurationList section */
	};
	rootObject = AFCDE00E2A5F5C4B009227F9 /* Project object */;
}
